
Microsoft Visual Studio Solution File, Format Version 12.00
# Visual Studio 15
VisualStudioVersion = 15.0.27130.2026
MinimumVisualStudioVersion = 10.0.40219.1
Project("{9A19103F-16F7-4668-BE54-9A1E7A4F7556}") = "Appulse", "Appulse\Appulse.csproj", "{D8E645A1-A689-46FD-A231-E3597FA3E9B5}"
EndProject
Project("{9A19103F-16F7-4668-BE54-9A1E7A4F7556}") = "Appulse.Tests", "Appulse.Tests\Appulse.Tests.csproj", "{E3E87C3C-249E-4FB2-86FC-83776CF68D39}"
EndProject
Global
	GlobalSection(SolutionConfigurationPlatforms) = preSolution
		Debug|Any CPU = Debug|Any CPU
		Release|Any CPU = Release|Any CPU
	EndGlobalSection
	GlobalSection(ProjectConfigurationPlatforms) = postSolution
		{D8E645A1-A689-46FD-A231-E3597FA3E9B5}.Debug|Any CPU.ActiveCfg = Debug|Any CPU
		{D8E645A1-A689-46FD-A231-E3597FA3E9B5}.Debug|Any CPU.Build.0 = Debug|Any CPU
		{D8E645A1-A689-46FD-A231-E3597FA3E9B5}.Release|Any CPU.ActiveCfg = Release|Any CPU
		{D8E645A1-A689-46FD-A231-E3597FA3E9B5}.Release|Any CPU.Build.0 = Release|Any CPU
		{E3E87C3C-249E-4FB2-86FC-83776CF68D39}.Debug|Any CPU.ActiveCfg = Debug|Any CPU
		{E3E87C3C-249E-4FB2-86FC-83776CF68D39}.Debug|Any CPU.Build.0 = Debug|Any CPU
		{E3E87C3C-249E-4FB2-86FC-83776CF68D39}.Release|Any CPU.ActiveCfg = Release|Any CPU
		{E3E87C3C-249E-4FB2-86FC-83776CF68D39}.Release|Any CPU.Build.0 = Release|Any CPU
	EndGlobalSection
	GlobalSection(SolutionProperties) = preSolution
		HideSolutionNode = FALSE
	EndGlobalSection
	GlobalSection(ExtensibilityGlobals) = postSolution
		SolutionGuid = {2415EBEF-91FE-4EBD-93BB-595B77C904B0}
	EndGlobalSection
EndGlobal
