
Microsoft Visual Studio Solution File, Format Version 12.00
# Visual Studio Version 16
VisualStudioVersion = 16.0.29319.158
MinimumVisualStudioVersion = 10.0.40219.1
Project("{9A19103F-16F7-4668-BE54-9A1E7A4F7556}") = "Appulse", "Appulse\Appulse.csproj", "{4D752634-CBE1-4475-8812-8CABE238F145}"
EndProject
Project("{9A19103F-16F7-4668-BE54-9A1E7A4F7556}") = "Appulse.Tests", "Appulse.Tests\Appulse.Tests.csproj", "{F9135ADE-33C0-45AF-BFE2-2D61740BF889}"
EndProject
Project("{2150E333-8FDC-42A3-9474-1A3956D46DE8}") = "Items", "Items", "{76D38667-97D9-471D-94AD-9A59850CA1C2}"
	ProjectSection(SolutionItems) = preProject
		..\.editorconfig = ..\.editorconfig
		..\.gitignore = ..\.gitignore
		..\appveyor.yml = ..\appveyor.yml
		..\build.sh = ..\build.sh
		..\LICENSE = ..\LICENSE
		..\README.md = ..\README.md
	EndProjectSection
EndProject
Global
	GlobalSection(SolutionConfigurationPlatforms) = preSolution
		Debug|Any CPU = Debug|Any CPU
		Release|Any CPU = Release|Any CPU
	EndGlobalSection
	GlobalSection(ProjectConfigurationPlatforms) = postSolution
		{4D752634-CBE1-4475-8812-8CABE238F145}.Debug|Any CPU.ActiveCfg = Debug|Any CPU
		{4D752634-CBE1-4475-8812-8CABE238F145}.Debug|Any CPU.Build.0 = Debug|Any CPU
		{4D752634-CBE1-4475-8812-8CABE238F145}.Release|Any CPU.ActiveCfg = Release|Any CPU
		{4D752634-CBE1-4475-8812-8CABE238F145}.Release|Any CPU.Build.0 = Release|Any CPU
		{F9135ADE-33C0-45AF-BFE2-2D61740BF889}.Debug|Any CPU.ActiveCfg = Debug|Any CPU
		{F9135ADE-33C0-45AF-BFE2-2D61740BF889}.Debug|Any CPU.Build.0 = Debug|Any CPU
		{F9135ADE-33C0-45AF-BFE2-2D61740BF889}.Release|Any CPU.ActiveCfg = Release|Any CPU
		{F9135ADE-33C0-45AF-BFE2-2D61740BF889}.Release|Any CPU.Build.0 = Release|Any CPU
	EndGlobalSection
	GlobalSection(SolutionProperties) = preSolution
		HideSolutionNode = FALSE
	EndGlobalSection
	GlobalSection(ExtensibilityGlobals) = postSolution
		SolutionGuid = {2415EBEF-91FE-4EBD-93BB-595B77C904B0}
	EndGlobalSection
EndGlobal
